
Microsoft Visual Studio Solution File, Format Version 12.00
# Visual Studio Version 17
VisualStudioVersion = 17.1.32104.313
MinimumVisualStudioVersion = 10.0.40219.1
Project("{2150E333-8FDC-42A3-9474-1A3956D46DE8}") = "dotnet", "dotnet", "{4B32D12D-2BF1-47D8-9095-2E8284EACFB6}"
EndProject
Project("{2150E333-8FDC-42A3-9474-1A3956D46DE8}") = "native", "native", "{22BCCD53-D4F2-4F88-A41F-99295884521A}"
EndProject
Project("{2150E333-8FDC-42A3-9474-1A3956D46DE8}") = "test", "test", "{17A62117-EDFC-48D9-B7BF-16457AE3AA14}"
EndProject
Project("{9A19103F-16F7-4668-BE54-9A1E7A4F7556}") = "APSIClient", "dotnet\APSIClient\APSIClient.csproj", "{9AC32264-1FBC-4E8C-B907-6237425326D0}"
	ProjectSection(ProjectDependencies) = postProject
		{D7ABF28B-A15E-48F4-8A15-CC951CBFC590} = {D7ABF28B-A15E-48F4-8A15-CC951CBFC590}
	EndProjectSection
EndProject
Project("{9A19103F-16F7-4668-BE54-9A1E7A4F7556}") = "APSIServer", "dotnet\APSIServer\APSIServer.csproj", "{C30F4EDB-3E1E-4679-8681-C8DD55721FE7}"
	ProjectSection(ProjectDependencies) = postProject
		{EB7FAC9D-9BBA-4657-81B2-760D555F89E6} = {EB7FAC9D-9BBA-4657-81B2-760D555F89E6}
	EndProjectSection
EndProject
Project("{9A19103F-16F7-4668-BE54-9A1E7A4F7556}") = "ConsoleTester", "dotnet\ConsoleTester\ConsoleTester.csproj", "{75D8DF4B-E07C-4045-9FE9-5F0D486204E4}"
	ProjectSection(ProjectDependencies) = postProject
		{9AC32264-1FBC-4E8C-B907-6237425326D0} = {9AC32264-1FBC-4E8C-B907-6237425326D0}
	EndProjectSection
EndProject
Project("{8BC9CEB8-8B4A-11D0-8D11-00A0C91BC942}") = "APSIClient", "native\APSIClient\APSIClient.vcxproj", "{795617E0-D6E9-462E-BBE0-D258778E265C}"
EndProject
Project("{8BC9CEB8-8B4A-11D0-8D11-00A0C91BC942}") = "APSIClientNative", "native\APSIClientNative\APSIClientNative.vcxproj", "{D7ABF28B-A15E-48F4-8A15-CC951CBFC590}"
	ProjectSection(ProjectDependencies) = postProject
		{795617E0-D6E9-462E-BBE0-D258778E265C} = {795617E0-D6E9-462E-BBE0-D258778E265C}
	EndProjectSection
EndProject
Project("{8BC9CEB8-8B4A-11D0-8D11-00A0C91BC942}") = "APSIServerNative", "native\APSIServerNative\APSIServerNative.vcxproj", "{EB7FAC9D-9BBA-4657-81B2-760D555F89E6}"
	ProjectSection(ProjectDependencies) = postProject
		{795617E0-D6E9-462E-BBE0-D258778E265C} = {795617E0-D6E9-462E-BBE0-D258778E265C}
	EndProjectSection
EndProject
Project("{9A19103F-16F7-4668-BE54-9A1E7A4F7556}") = "APSILibraryTests", "test\APSILibraryTests\APSILibraryTests.csproj", "{DB4302EB-AEA6-4AA2-87E2-088CD2A67715}"
	ProjectSection(ProjectDependencies) = postProject
		{9AC32264-1FBC-4E8C-B907-6237425326D0} = {9AC32264-1FBC-4E8C-B907-6237425326D0}
		{C30F4EDB-3E1E-4679-8681-C8DD55721FE7} = {C30F4EDB-3E1E-4679-8681-C8DD55721FE7}
	EndProjectSection
EndProject
Project("{9A19103F-16F7-4668-BE54-9A1E7A4F7556}") = "APSICommon", "dotnet\APSICommon\APSICommon.csproj", "{227AD2F3-A7B2-43D6-BE01-68BA7948D7FF}"
EndProject
Global
	GlobalSection(SolutionConfigurationPlatforms) = preSolution
		Debug|Any CPU = Debug|Any CPU
		Debug|x64 = Debug|x64
		Debug|x86 = Debug|x86
		Release|Any CPU = Release|Any CPU
		Release|x64 = Release|x64
		Release|x86 = Release|x86
	EndGlobalSection
	GlobalSection(ProjectConfigurationPlatforms) = postSolution
		{9AC32264-1FBC-4E8C-B907-6237425326D0}.Debug|Any CPU.ActiveCfg = Debug|Any CPU
		{9AC32264-1FBC-4E8C-B907-6237425326D0}.Debug|Any CPU.Build.0 = Debug|Any CPU
		{9AC32264-1FBC-4E8C-B907-6237425326D0}.Debug|x64.ActiveCfg = Debug|Any CPU
		{9AC32264-1FBC-4E8C-B907-6237425326D0}.Debug|x64.Build.0 = Debug|Any CPU
		{9AC32264-1FBC-4E8C-B907-6237425326D0}.Debug|x86.ActiveCfg = Debug|Any CPU
		{9AC32264-1FBC-4E8C-B907-6237425326D0}.Debug|x86.Build.0 = Debug|Any CPU
		{9AC32264-1FBC-4E8C-B907-6237425326D0}.Release|Any CPU.ActiveCfg = Release|Any CPU
		{9AC32264-1FBC-4E8C-B907-6237425326D0}.Release|Any CPU.Build.0 = Release|Any CPU
		{9AC32264-1FBC-4E8C-B907-6237425326D0}.Release|x64.ActiveCfg = Release|Any CPU
		{9AC32264-1FBC-4E8C-B907-6237425326D0}.Release|x64.Build.0 = Release|Any CPU
		{9AC32264-1FBC-4E8C-B907-6237425326D0}.Release|x86.ActiveCfg = Release|Any CPU
		{9AC32264-1FBC-4E8C-B907-6237425326D0}.Release|x86.Build.0 = Release|Any CPU
		{C30F4EDB-3E1E-4679-8681-C8DD55721FE7}.Debug|Any CPU.ActiveCfg = Debug|Any CPU
		{C30F4EDB-3E1E-4679-8681-C8DD55721FE7}.Debug|Any CPU.Build.0 = Debug|Any CPU
		{C30F4EDB-3E1E-4679-8681-C8DD55721FE7}.Debug|x64.ActiveCfg = Debug|Any CPU
		{C30F4EDB-3E1E-4679-8681-C8DD55721FE7}.Debug|x64.Build.0 = Debug|Any CPU
		{C30F4EDB-3E1E-4679-8681-C8DD55721FE7}.Debug|x86.ActiveCfg = Debug|Any CPU
		{C30F4EDB-3E1E-4679-8681-C8DD55721FE7}.Debug|x86.Build.0 = Debug|Any CPU
		{C30F4EDB-3E1E-4679-8681-C8DD55721FE7}.Release|Any CPU.ActiveCfg = Release|Any CPU
		{C30F4EDB-3E1E-4679-8681-C8DD55721FE7}.Release|Any CPU.Build.0 = Release|Any CPU
		{C30F4EDB-3E1E-4679-8681-C8DD55721FE7}.Release|x64.ActiveCfg = Release|Any CPU
		{C30F4EDB-3E1E-4679-8681-C8DD55721FE7}.Release|x64.Build.0 = Release|Any CPU
		{C30F4EDB-3E1E-4679-8681-C8DD55721FE7}.Release|x86.ActiveCfg = Release|Any CPU
		{C30F4EDB-3E1E-4679-8681-C8DD55721FE7}.Release|x86.Build.0 = Release|Any CPU
		{75D8DF4B-E07C-4045-9FE9-5F0D486204E4}.Debug|Any CPU.ActiveCfg = Debug|Any CPU
		{75D8DF4B-E07C-4045-9FE9-5F0D486204E4}.Debug|Any CPU.Build.0 = Debug|Any CPU
		{75D8DF4B-E07C-4045-9FE9-5F0D486204E4}.Debug|x64.ActiveCfg = Debug|Any CPU
		{75D8DF4B-E07C-4045-9FE9-5F0D486204E4}.Debug|x64.Build.0 = Debug|Any CPU
		{75D8DF4B-E07C-4045-9FE9-5F0D486204E4}.Debug|x86.ActiveCfg = Debug|Any CPU
		{75D8DF4B-E07C-4045-9FE9-5F0D486204E4}.Debug|x86.Build.0 = Debug|Any CPU
		{75D8DF4B-E07C-4045-9FE9-5F0D486204E4}.Release|Any CPU.ActiveCfg = Release|Any CPU
		{75D8DF4B-E07C-4045-9FE9-5F0D486204E4}.Release|Any CPU.Build.0 = Release|Any CPU
		{75D8DF4B-E07C-4045-9FE9-5F0D486204E4}.Release|x64.ActiveCfg = Release|Any CPU
		{75D8DF4B-E07C-4045-9FE9-5F0D486204E4}.Release|x64.Build.0 = Release|Any CPU
		{75D8DF4B-E07C-4045-9FE9-5F0D486204E4}.Release|x86.ActiveCfg = Release|Any CPU
		{75D8DF4B-E07C-4045-9FE9-5F0D486204E4}.Release|x86.Build.0 = Release|Any CPU
		{795617E0-D6E9-462E-BBE0-D258778E265C}.Debug|Any CPU.ActiveCfg = Debug|x64
		{795617E0-D6E9-462E-BBE0-D258778E265C}.Debug|Any CPU.Build.0 = Debug|x64
		{795617E0-D6E9-462E-BBE0-D258778E265C}.Debug|x64.ActiveCfg = Debug|x64
		{795617E0-D6E9-462E-BBE0-D258778E265C}.Debug|x64.Build.0 = Debug|x64
		{795617E0-D6E9-462E-BBE0-D258778E265C}.Debug|x86.ActiveCfg = Debug|Win32
		{795617E0-D6E9-462E-BBE0-D258778E265C}.Debug|x86.Build.0 = Debug|Win32
		{795617E0-D6E9-462E-BBE0-D258778E265C}.Release|Any CPU.ActiveCfg = Release|x64
		{795617E0-D6E9-462E-BBE0-D258778E265C}.Release|Any CPU.Build.0 = Release|x64
		{795617E0-D6E9-462E-BBE0-D258778E265C}.Release|x64.ActiveCfg = Release|x64
		{795617E0-D6E9-462E-BBE0-D258778E265C}.Release|x64.Build.0 = Release|x64
		{795617E0-D6E9-462E-BBE0-D258778E265C}.Release|x86.ActiveCfg = Release|Win32
		{795617E0-D6E9-462E-BBE0-D258778E265C}.Release|x86.Build.0 = Release|Win32
		{D7ABF28B-A15E-48F4-8A15-CC951CBFC590}.Debug|Any CPU.ActiveCfg = Debug|x64
		{D7ABF28B-A15E-48F4-8A15-CC951CBFC590}.Debug|Any CPU.Build.0 = Debug|x64
		{D7ABF28B-A15E-48F4-8A15-CC951CBFC590}.Debug|x64.ActiveCfg = Debug|x64
		{D7ABF28B-A15E-48F4-8A15-CC951CBFC590}.Debug|x64.Build.0 = Debug|x64
		{D7ABF28B-A15E-48F4-8A15-CC951CBFC590}.Debug|x86.ActiveCfg = Debug|Win32
		{D7ABF28B-A15E-48F4-8A15-CC951CBFC590}.Debug|x86.Build.0 = Debug|Win32
		{D7ABF28B-A15E-48F4-8A15-CC951CBFC590}.Release|Any CPU.ActiveCfg = Release|x64
		{D7ABF28B-A15E-48F4-8A15-CC951CBFC590}.Release|Any CPU.Build.0 = Release|x64
		{D7ABF28B-A15E-48F4-8A15-CC951CBFC590}.Release|x64.ActiveCfg = Release|x64
		{D7ABF28B-A15E-48F4-8A15-CC951CBFC590}.Release|x64.Build.0 = Release|x64
		{D7ABF28B-A15E-48F4-8A15-CC951CBFC590}.Release|x86.ActiveCfg = Release|Win32
		{D7ABF28B-A15E-48F4-8A15-CC951CBFC590}.Release|x86.Build.0 = Release|Win32
		{EB7FAC9D-9BBA-4657-81B2-760D555F89E6}.Debug|Any CPU.ActiveCfg = Debug|x64
		{EB7FAC9D-9BBA-4657-81B2-760D555F89E6}.Debug|Any CPU.Build.0 = Debug|x64
		{EB7FAC9D-9BBA-4657-81B2-760D555F89E6}.Debug|x64.ActiveCfg = Debug|x64
		{EB7FAC9D-9BBA-4657-81B2-760D555F89E6}.Debug|x64.Build.0 = Debug|x64
		{EB7FAC9D-9BBA-4657-81B2-760D555F89E6}.Debug|x86.ActiveCfg = Debug|Win32
		{EB7FAC9D-9BBA-4657-81B2-760D555F89E6}.Debug|x86.Build.0 = Debug|Win32
		{EB7FAC9D-9BBA-4657-81B2-760D555F89E6}.Release|Any CPU.ActiveCfg = Release|x64
		{EB7FAC9D-9BBA-4657-81B2-760D555F89E6}.Release|Any CPU.Build.0 = Release|x64
		{EB7FAC9D-9BBA-4657-81B2-760D555F89E6}.Release|x64.ActiveCfg = Release|x64
		{EB7FAC9D-9BBA-4657-81B2-760D555F89E6}.Release|x64.Build.0 = Release|x64
		{EB7FAC9D-9BBA-4657-81B2-760D555F89E6}.Release|x86.ActiveCfg = Release|Win32
		{EB7FAC9D-9BBA-4657-81B2-760D555F89E6}.Release|x86.Build.0 = Release|Win32
		{DB4302EB-AEA6-4AA2-87E2-088CD2A67715}.Debug|Any CPU.ActiveCfg = Debug|Any CPU
		{DB4302EB-AEA6-4AA2-87E2-088CD2A67715}.Debug|Any CPU.Build.0 = Debug|Any CPU
		{DB4302EB-AEA6-4AA2-87E2-088CD2A67715}.Debug|x64.ActiveCfg = Debug|Any CPU
		{DB4302EB-AEA6-4AA2-87E2-088CD2A67715}.Debug|x64.Build.0 = Debug|Any CPU
		{DB4302EB-AEA6-4AA2-87E2-088CD2A67715}.Debug|x86.ActiveCfg = Debug|Any CPU
		{DB4302EB-AEA6-4AA2-87E2-088CD2A67715}.Debug|x86.Build.0 = Debug|Any CPU
		{DB4302EB-AEA6-4AA2-87E2-088CD2A67715}.Release|Any CPU.ActiveCfg = Release|Any CPU
		{DB4302EB-AEA6-4AA2-87E2-088CD2A67715}.Release|Any CPU.Build.0 = Release|Any CPU
		{DB4302EB-AEA6-4AA2-87E2-088CD2A67715}.Release|x64.ActiveCfg = Release|Any CPU
		{DB4302EB-AEA6-4AA2-87E2-088CD2A67715}.Release|x64.Build.0 = Release|Any CPU
		{DB4302EB-AEA6-4AA2-87E2-088CD2A67715}.Release|x86.ActiveCfg = Release|Any CPU
		{DB4302EB-AEA6-4AA2-87E2-088CD2A67715}.Release|x86.Build.0 = Release|Any CPU
		{227AD2F3-A7B2-43D6-BE01-68BA7948D7FF}.Debug|Any CPU.ActiveCfg = Debug|Any CPU
		{227AD2F3-A7B2-43D6-BE01-68BA7948D7FF}.Debug|Any CPU.Build.0 = Debug|Any CPU
		{227AD2F3-A7B2-43D6-BE01-68BA7948D7FF}.Debug|x64.ActiveCfg = Debug|Any CPU
		{227AD2F3-A7B2-43D6-BE01-68BA7948D7FF}.Debug|x64.Build.0 = Debug|Any CPU
		{227AD2F3-A7B2-43D6-BE01-68BA7948D7FF}.Debug|x86.ActiveCfg = Debug|Any CPU
		{227AD2F3-A7B2-43D6-BE01-68BA7948D7FF}.Debug|x86.Build.0 = Debug|Any CPU
		{227AD2F3-A7B2-43D6-BE01-68BA7948D7FF}.Release|Any CPU.ActiveCfg = Release|Any CPU
		{227AD2F3-A7B2-43D6-BE01-68BA7948D7FF}.Release|Any CPU.Build.0 = Release|Any CPU
		{227AD2F3-A7B2-43D6-BE01-68BA7948D7FF}.Release|x64.ActiveCfg = Release|Any CPU
		{227AD2F3-A7B2-43D6-BE01-68BA7948D7FF}.Release|x64.Build.0 = Release|Any CPU
		{227AD2F3-A7B2-43D6-BE01-68BA7948D7FF}.Release|x86.ActiveCfg = Release|Any CPU
		{227AD2F3-A7B2-43D6-BE01-68BA7948D7FF}.Release|x86.Build.0 = Release|Any CPU
	EndGlobalSection
	GlobalSection(SolutionProperties) = preSolution
		HideSolutionNode = FALSE
	EndGlobalSection
	GlobalSection(NestedProjects) = preSolution
		{9AC32264-1FBC-4E8C-B907-6237425326D0} = {4B32D12D-2BF1-47D8-9095-2E8284EACFB6}
		{C30F4EDB-3E1E-4679-8681-C8DD55721FE7} = {4B32D12D-2BF1-47D8-9095-2E8284EACFB6}
		{75D8DF4B-E07C-4045-9FE9-5F0D486204E4} = {4B32D12D-2BF1-47D8-9095-2E8284EACFB6}
		{795617E0-D6E9-462E-BBE0-D258778E265C} = {22BCCD53-D4F2-4F88-A41F-99295884521A}
		{D7ABF28B-A15E-48F4-8A15-CC951CBFC590} = {22BCCD53-D4F2-4F88-A41F-99295884521A}
		{EB7FAC9D-9BBA-4657-81B2-760D555F89E6} = {22BCCD53-D4F2-4F88-A41F-99295884521A}
		{DB4302EB-AEA6-4AA2-87E2-088CD2A67715} = {17A62117-EDFC-48D9-B7BF-16457AE3AA14}
		{227AD2F3-A7B2-43D6-BE01-68BA7948D7FF} = {4B32D12D-2BF1-47D8-9095-2E8284EACFB6}
	EndGlobalSection
	GlobalSection(ExtensibilityGlobals) = postSolution
		SolutionGuid = {608D0CA5-4ABD-4BCA-9259-BA9CA603A57D}
	EndGlobalSection
EndGlobal
